
Microsoft Visual Studio Solution File, Format Version 12.00
# Visual Studio Version 17
VisualStudioVersion = 17.7.34031.279
MinimumVisualStudioVersion = 10.0.40219.1
Project("{9A19103F-16F7-4668-BE54-9A1E7A4F7556}") = "ktop", "ktop.csproj", "{51A97C6F-A35F-484C-B6CE-CB1D1711898E}"
EndProject
Project("{2150E333-8FDC-42A3-9474-1A3956D46DE8}") = "解决方案项", "解决方案项", "{381DB792-CF0F-417F-A82E-4ECE662613E4}"
EndProject
Global
	GlobalSection(SolutionConfigurationPlatforms) = preSolution
		Debug|Any CPU = Debug|Any CPU
		Release|Any CPU = Release|Any CPU
	EndGlobalSection
	GlobalSection(ProjectConfigurationPlatforms) = postSolution
		{51A97C6F-A35F-484C-B6CE-CB1D1711898E}.Debug|Any CPU.ActiveCfg = Debug|Any CPU
		{51A97C6F-A35F-484C-B6CE-CB1D1711898E}.Debug|Any CPU.Build.0 = Debug|Any CPU
		{51A97C6F-A35F-484C-B6CE-CB1D1711898E}.Release|Any CPU.ActiveCfg = Release|Any CPU
		{51A97C6F-A35F-484C-B6CE-CB1D1711898E}.Release|Any CPU.Build.0 = Release|Any CPU
	EndGlobalSection
	GlobalSection(SolutionProperties) = preSolution
		HideSolutionNode = FALSE
	EndGlobalSection
	GlobalSection(ExtensibilityGlobals) = postSolution
		SolutionGuid = {49E09030-0C7F-4E78-A502-EAD3E144C055}
	EndGlobalSection
EndGlobal
